
Microsoft Visual Studio Solution File, Format Version 12.00
# Visual Studio Version 16
VisualStudioVersion = 16.0.31229.75
MinimumVisualStudioVersion = 10.0.40219.1
Project("{9A19103F-16F7-4668-BE54-9A1E7A4F7556}") = "Permissions.Grpc", "Grpc\Permissions.Grpc.csproj", "{40319559-19C0-4792-8339-A35146CAE4E2}"
EndProject
Project("{9A19103F-16F7-4668-BE54-9A1E7A4F7556}") = "Permissions.Grpc.DataAnnotations", "Grpc.DataAnnotations\Permissions.Grpc.DataAnnotations.csproj", "{1B0DE32A-3CF9-4F95-AE82-6E5A4C5BB295}"
EndProject
Project("{9A19103F-16F7-4668-BE54-9A1E7A4F7556}") = "Permissions.Grpc.Service", "Grpc.Service\Permissions.Grpc.Service.csproj", "{09D71199-3D68-4B73-A274-2FD679C855A6}"
EndProject
Project("{9A19103F-16F7-4668-BE54-9A1E7A4F7556}") = "OpenCodeDev.Forms.Grpc.Extensions", "..\OpenCodeDev.Forms.Grpc\Extensions\OpenCodeDev.Forms.Grpc.Extensions.csproj", "{8803CC0E-833A-45CF-83C1-FDF9B8454963}"
EndProject
Global
	GlobalSection(SolutionConfigurationPlatforms) = preSolution
		Debug|Any CPU = Debug|Any CPU
		Release|Any CPU = Release|Any CPU
	EndGlobalSection
	GlobalSection(ProjectConfigurationPlatforms) = postSolution
		{40319559-19C0-4792-8339-A35146CAE4E2}.Debug|Any CPU.ActiveCfg = Debug|Any CPU
		{40319559-19C0-4792-8339-A35146CAE4E2}.Debug|Any CPU.Build.0 = Debug|Any CPU
		{40319559-19C0-4792-8339-A35146CAE4E2}.Release|Any CPU.ActiveCfg = Release|Any CPU
		{40319559-19C0-4792-8339-A35146CAE4E2}.Release|Any CPU.Build.0 = Release|Any CPU
		{1B0DE32A-3CF9-4F95-AE82-6E5A4C5BB295}.Debug|Any CPU.ActiveCfg = Debug|Any CPU
		{1B0DE32A-3CF9-4F95-AE82-6E5A4C5BB295}.Debug|Any CPU.Build.0 = Debug|Any CPU
		{1B0DE32A-3CF9-4F95-AE82-6E5A4C5BB295}.Release|Any CPU.ActiveCfg = Release|Any CPU
		{1B0DE32A-3CF9-4F95-AE82-6E5A4C5BB295}.Release|Any CPU.Build.0 = Release|Any CPU
		{09D71199-3D68-4B73-A274-2FD679C855A6}.Debug|Any CPU.ActiveCfg = Debug|Any CPU
		{09D71199-3D68-4B73-A274-2FD679C855A6}.Debug|Any CPU.Build.0 = Debug|Any CPU
		{09D71199-3D68-4B73-A274-2FD679C855A6}.Release|Any CPU.ActiveCfg = Release|Any CPU
		{09D71199-3D68-4B73-A274-2FD679C855A6}.Release|Any CPU.Build.0 = Release|Any CPU
		{8803CC0E-833A-45CF-83C1-FDF9B8454963}.Debug|Any CPU.ActiveCfg = Debug|Any CPU
		{8803CC0E-833A-45CF-83C1-FDF9B8454963}.Debug|Any CPU.Build.0 = Debug|Any CPU
		{8803CC0E-833A-45CF-83C1-FDF9B8454963}.Release|Any CPU.ActiveCfg = Release|Any CPU
		{8803CC0E-833A-45CF-83C1-FDF9B8454963}.Release|Any CPU.Build.0 = Release|Any CPU
	EndGlobalSection
	GlobalSection(SolutionProperties) = preSolution
		HideSolutionNode = FALSE
	EndGlobalSection
	GlobalSection(ExtensibilityGlobals) = postSolution
		SolutionGuid = {84DE4989-2788-4372-B93E-93D0A60D7D02}
	EndGlobalSection
EndGlobal
