
Microsoft Visual Studio Solution File, Format Version 12.00
# Visual Studio Version 16
VisualStudioVersion = 16.0.31229.75
MinimumVisualStudioVersion = 10.0.40219.1
Project("{9A19103F-16F7-4668-BE54-9A1E7A4F7556}") = "OpenCodeDev.EntityFramework.Permissions.Grpc", "OpenCodeDev.EntityFramework.Permissions.Grpc.csproj", "{CC1101D7-DEDE-4222-90EF-4FE200729C31}"
EndProject
Global
	GlobalSection(SolutionConfigurationPlatforms) = preSolution
		Debug|Any CPU = Debug|Any CPU
		Release|Any CPU = Release|Any CPU
	EndGlobalSection
	GlobalSection(ProjectConfigurationPlatforms) = postSolution
		{CC1101D7-DEDE-4222-90EF-4FE200729C31}.Debug|Any CPU.ActiveCfg = Debug|Any CPU
		{CC1101D7-DEDE-4222-90EF-4FE200729C31}.Debug|Any CPU.Build.0 = Debug|Any CPU
		{CC1101D7-DEDE-4222-90EF-4FE200729C31}.Release|Any CPU.ActiveCfg = Release|Any CPU
		{CC1101D7-DEDE-4222-90EF-4FE200729C31}.Release|Any CPU.Build.0 = Release|Any CPU
	EndGlobalSection
	GlobalSection(SolutionProperties) = preSolution
		HideSolutionNode = FALSE
	EndGlobalSection
	GlobalSection(ExtensibilityGlobals) = postSolution
		SolutionGuid = {84DE4989-2788-4372-B93E-93D0A60D7D02}
	EndGlobalSection
EndGlobal
